
Microsoft Visual Studio Solution File, Format Version 12.00
# Visual Studio Version 16
VisualStudioVersion = 16.0.32602.291
MinimumVisualStudioVersion = 10.0.40219.1
Project("{FAE04EC0-301F-11D3-BF4B-00C04F79EFBC}") = "Operatoroverloading", "Operatoroverloading.csproj", "{0793EF76-541E-425F-B958-C0BED7C7D5F7}"
EndProject
Project("{FAE04EC0-301F-11D3-BF4B-00C04F79EFBC}") = "Operatoroverloadingdemo", "..\Operatoroverloadingdemo\Operatoroverloadingdemo.csproj", "{2B459D5C-7A5B-4D70-9937-83E1C0BA6888}"
EndProject
Global
	GlobalSection(SolutionConfigurationPlatforms) = preSolution
		Debug|Any CPU = Debug|Any CPU
		Release|Any CPU = Release|Any CPU
	EndGlobalSection
	GlobalSection(ProjectConfigurationPlatforms) = postSolution
		{0793EF76-541E-425F-B958-C0BED7C7D5F7}.Debug|Any CPU.ActiveCfg = Debug|Any CPU
		{0793EF76-541E-425F-B958-C0BED7C7D5F7}.Debug|Any CPU.Build.0 = Debug|Any CPU
		{0793EF76-541E-425F-B958-C0BED7C7D5F7}.Release|Any CPU.ActiveCfg = Release|Any CPU
		{0793EF76-541E-425F-B958-C0BED7C7D5F7}.Release|Any CPU.Build.0 = Release|Any CPU
		{2B459D5C-7A5B-4D70-9937-83E1C0BA6888}.Debug|Any CPU.ActiveCfg = Debug|Any CPU
		{2B459D5C-7A5B-4D70-9937-83E1C0BA6888}.Debug|Any CPU.Build.0 = Debug|Any CPU
		{2B459D5C-7A5B-4D70-9937-83E1C0BA6888}.Release|Any CPU.ActiveCfg = Release|Any CPU
		{2B459D5C-7A5B-4D70-9937-83E1C0BA6888}.Release|Any CPU.Build.0 = Release|Any CPU
	EndGlobalSection
	GlobalSection(SolutionProperties) = preSolution
		HideSolutionNode = FALSE
	EndGlobalSection
	GlobalSection(ExtensibilityGlobals) = postSolution
		SolutionGuid = {F7E50D98-3DAA-443C-A888-796B2871B927}
	EndGlobalSection
EndGlobal
