
Microsoft Visual Studio Solution File, Format Version 12.00
# Visual Studio Version 16
VisualStudioVersion = 16.0.32602.291
MinimumVisualStudioVersion = 10.0.40219.1
Project("{FAE04EC0-301F-11D3-BF4B-00C04F79EFBC}") = "OOPS_task", "OOPS_task.csproj", "{8800FF7E-DADA-439E-BB92-D8D502ED178B}"
EndProject
Global
	GlobalSection(SolutionConfigurationPlatforms) = preSolution
		Debug|Any CPU = Debug|Any CPU
		Release|Any CPU = Release|Any CPU
	EndGlobalSection
	GlobalSection(ProjectConfigurationPlatforms) = postSolution
		{8800FF7E-DADA-439E-BB92-D8D502ED178B}.Debug|Any CPU.ActiveCfg = Debug|Any CPU
		{8800FF7E-DADA-439E-BB92-D8D502ED178B}.Debug|Any CPU.Build.0 = Debug|Any CPU
		{8800FF7E-DADA-439E-BB92-D8D502ED178B}.Release|Any CPU.ActiveCfg = Release|Any CPU
		{8800FF7E-DADA-439E-BB92-D8D502ED178B}.Release|Any CPU.Build.0 = Release|Any CPU
	EndGlobalSection
	GlobalSection(SolutionProperties) = preSolution
		HideSolutionNode = FALSE
	EndGlobalSection
	GlobalSection(ExtensibilityGlobals) = postSolution
		SolutionGuid = {3A2DDCA4-7FC1-4FCB-9012-921504791D07}
	EndGlobalSection
EndGlobal
