
Microsoft Visual Studio Solution File, Format Version 12.00
# Visual Studio Version 16
VisualStudioVersion = 16.0.32602.291
MinimumVisualStudioVersion = 10.0.40219.1
Project("{FAE04EC0-301F-11D3-BF4B-00C04F79EFBC}") = "Assignment_DelegateEvent_task", "Assignment_DelegateEvent_task.csproj", "{0BE0847B-854D-4091-A406-5FED611D50B7}"
EndProject
Global
	GlobalSection(SolutionConfigurationPlatforms) = preSolution
		Debug|Any CPU = Debug|Any CPU
		Release|Any CPU = Release|Any CPU
	EndGlobalSection
	GlobalSection(ProjectConfigurationPlatforms) = postSolution
		{0BE0847B-854D-4091-A406-5FED611D50B7}.Debug|Any CPU.ActiveCfg = Debug|Any CPU
		{0BE0847B-854D-4091-A406-5FED611D50B7}.Debug|Any CPU.Build.0 = Debug|Any CPU
		{0BE0847B-854D-4091-A406-5FED611D50B7}.Release|Any CPU.ActiveCfg = Release|Any CPU
		{0BE0847B-854D-4091-A406-5FED611D50B7}.Release|Any CPU.Build.0 = Release|Any CPU
	EndGlobalSection
	GlobalSection(SolutionProperties) = preSolution
		HideSolutionNode = FALSE
	EndGlobalSection
	GlobalSection(ExtensibilityGlobals) = postSolution
		SolutionGuid = {8DBBEA65-5461-42D7-ADF4-0B4CBB52C69E}
	EndGlobalSection
EndGlobal
