
Microsoft Visual Studio Solution File, Format Version 12.00
# Visual Studio Version 16
VisualStudioVersion = 16.0.32602.291
MinimumVisualStudioVersion = 10.0.40219.1
Project("{FAE04EC0-301F-11D3-BF4B-00C04F79EFBC}") = "Delegate_demo", "Delegate_demo.csproj", "{225DD49D-19EE-472D-B6EF-A7E47FAFD837}"
EndProject
Global
	GlobalSection(SolutionConfigurationPlatforms) = preSolution
		Debug|Any CPU = Debug|Any CPU
		Release|Any CPU = Release|Any CPU
	EndGlobalSection
	GlobalSection(ProjectConfigurationPlatforms) = postSolution
		{225DD49D-19EE-472D-B6EF-A7E47FAFD837}.Debug|Any CPU.ActiveCfg = Debug|Any CPU
		{225DD49D-19EE-472D-B6EF-A7E47FAFD837}.Debug|Any CPU.Build.0 = Debug|Any CPU
		{225DD49D-19EE-472D-B6EF-A7E47FAFD837}.Release|Any CPU.ActiveCfg = Release|Any CPU
		{225DD49D-19EE-472D-B6EF-A7E47FAFD837}.Release|Any CPU.Build.0 = Release|Any CPU
	EndGlobalSection
	GlobalSection(SolutionProperties) = preSolution
		HideSolutionNode = FALSE
	EndGlobalSection
	GlobalSection(ExtensibilityGlobals) = postSolution
		SolutionGuid = {8DBF6EAA-CE4F-484B-B596-CC8FCE8F0663}
	EndGlobalSection
EndGlobal
