
Microsoft Visual Studio Solution File, Format Version 12.00
# Visual Studio Version 16
VisualStudioVersion = 16.0.32602.291
MinimumVisualStudioVersion = 10.0.40219.1
Project("{FAE04EC0-301F-11D3-BF4B-00C04F79EFBC}") = "ClassLibrary2", "ClassLibrary2.csproj", "{B74804FB-53CC-42D6-97FE-F8ADC2DB357B}"
EndProject
Global
	GlobalSection(SolutionConfigurationPlatforms) = preSolution
		Debug|Any CPU = Debug|Any CPU
		Release|Any CPU = Release|Any CPU
	EndGlobalSection
	GlobalSection(ProjectConfigurationPlatforms) = postSolution
		{B74804FB-53CC-42D6-97FE-F8ADC2DB357B}.Debug|Any CPU.ActiveCfg = Debug|Any CPU
		{B74804FB-53CC-42D6-97FE-F8ADC2DB357B}.Debug|Any CPU.Build.0 = Debug|Any CPU
		{B74804FB-53CC-42D6-97FE-F8ADC2DB357B}.Release|Any CPU.ActiveCfg = Release|Any CPU
		{B74804FB-53CC-42D6-97FE-F8ADC2DB357B}.Release|Any CPU.Build.0 = Release|Any CPU
	EndGlobalSection
	GlobalSection(SolutionProperties) = preSolution
		HideSolutionNode = FALSE
	EndGlobalSection
	GlobalSection(ExtensibilityGlobals) = postSolution
		SolutionGuid = {0750EA72-D644-4000-8DC4-13C55533432B}
	EndGlobalSection
EndGlobal
